
Microsoft Visual Studio Solution File, Format Version 12.00
# Visual Studio Version 17
VisualStudioVersion = 17.7.34031.279
MinimumVisualStudioVersion = 10.0.40219.1
Project("{FAE04EC0-301F-11D3-BF4B-00C04F79EFBC}") = "ComputerBackgrounds", "ComputerBackgrounds\ComputerBackgrounds.csproj", "{1A55308B-9021-4FC4-9DD4-37AC7B4176F0}"
EndProject
Global
	GlobalSection(SolutionConfigurationPlatforms) = preSolution
		Debug|Any CPU = Debug|Any CPU
		Release|Any CPU = Release|Any CPU
	EndGlobalSection
	GlobalSection(ProjectConfigurationPlatforms) = postSolution
		{1A55308B-9021-4FC4-9DD4-37AC7B4176F0}.Debug|Any CPU.ActiveCfg = Debug|Any CPU
		{1A55308B-9021-4FC4-9DD4-37AC7B4176F0}.Debug|Any CPU.Build.0 = Debug|Any CPU
		{1A55308B-9021-4FC4-9DD4-37AC7B4176F0}.Release|Any CPU.ActiveCfg = Release|Any CPU
		{1A55308B-9021-4FC4-9DD4-37AC7B4176F0}.Release|Any CPU.Build.0 = Release|Any CPU
	EndGlobalSection
	GlobalSection(SolutionProperties) = preSolution
		HideSolutionNode = FALSE
	EndGlobalSection
	GlobalSection(ExtensibilityGlobals) = postSolution
		SolutionGuid = {6A34BFE0-F7FE-4042-AF6E-4CB9F17B8278}
	EndGlobalSection
EndGlobal
